<?xml version="1.0" encoding="utf-8"?>
<Project ToolsVersion="4.0" xmlns="http://schemas.microsoft.com/developer/msbuild/2003">
  <ItemGroup>
    <Filter Include="源文件">
      <UniqueIdentifier>{4FC737F1-C7A5-4376-A066-2A32D752A2FF}</UniqueIdentifier>
      <Extensions>cpp;c;cc;cxx;c++;cppm;ixx;def;odl;idl;hpj;bat;asm;asmx</Extensions>
    </Filter>
    <Filter Include="头文件">
      <UniqueIdentifier>{93995380-89BD-4b04-88EB-625FBE52EBFB}</UniqueIdentifier>
      <Extensions>h;hh;hpp;hxx;h++;hm;inl;inc;ipp;xsd</Extensions>
    </Filter>
    <Filter Include="资源文件">
      <UniqueIdentifier>{67DA6AB6-F800-4c08-8B7A-83BB121AAD01}</UniqueIdentifier>
      <Extensions>rc;ico;cur;bmp;dlg;rc2;rct;bin;rgs;gif;jpg;jpeg;jpe;resx;tiff;tif;png;wav;mfcribbon-ms</Extensions>
    </Filter>
  </ItemGroup>
  <ItemGroup>
    <ClCompile Include="ssdsim-master\avlTree.c">
      <Filter>源文件</Filter>
    </ClCompile>
    <ClCompile Include="ssdsim-master\flash.c">
      <Filter>源文件</Filter>
    </ClCompile>
    <ClCompile Include="ssdsim-master\initialize.c">
      <Filter>源文件</Filter>
    </ClCompile>
    <ClCompile Include="ssdsim-master\pagemap.c">
      <Filter>源文件</Filter>
    </ClCompile>
    <ClCompile Include="ssdsim-master\ssd.c">
      <Filter>源文件</Filter>
    </ClCompile>
    <ClCompile Include="ssdsim-master\hash.cpp">
      <Filter>源文件</Filter>
    </ClCompile>
    <ClCompile Include="ssdsim-master\dynamicThreshold.cpp">
      <Filter>源文件</Filter>
    </ClCompile>
  </ItemGroup>
  <ItemGroup>
    <ClInclude Include="ssdsim-master\avlTree.h">
      <Filter>头文件</Filter>
    </ClInclude>
    <ClInclude Include="ssdsim-master\flash.h">
      <Filter>头文件</Filter>
    </ClInclude>
    <ClInclude Include="ssdsim-master\initialize.h">
      <Filter>头文件</Filter>
    </ClInclude>
    <ClInclude Include="ssdsim-master\pagemap.h">
      <Filter>头文件</Filter>
    </ClInclude>
    <ClInclude Include="ssdsim-master\ssd.h">
      <Filter>头文件</Filter>
    </ClInclude>
    <ClInclude Include="ssdsim-master\hash.h">
      <Filter>头文件</Filter>
    </ClInclude>
    <ClInclude Include="ssdsim-master\dynamicThreshold.h">
      <Filter>头文件</Filter>
    </ClInclude>
  </ItemGroup>
  <ItemGroup>
    <None Include="ssdsim-master\example.ascii" />
    <None Include="ssdsim-master\page.parameters" />
    <None Include="ssdsim-master\README.md" />
  </ItemGroup>
  <ItemGroup>
    <Text Include="ssdsim-master\readme.txt" />
  </ItemGroup>
</Project>